
Microsoft Visual Studio Solution File, Format Version 12.00
# Visual Studio Version 17
VisualStudioVersion = 17.14.36221.1
MinimumVisualStudioVersion = 10.0.40219.1
Project("{FAE04EC0-301F-11D3-BF4B-00C04F79EFBC}") = "ConsoleApp", "Importer\ConsoleApp.csproj", "{71A7F15B-53F4-4957-BD3B-E0A6F8A179B3}"
EndProject
Project("{FAE04EC0-301F-11D3-BF4B-00C04F79EFBC}") = "Domain", "Domain\Domain.csproj", "{3E2A50A9-7D27-4410-959B-26A227B47D0A}"
EndProject
Project("{FAE04EC0-301F-11D3-BF4B-00C04F79EFBC}") = "Infrastructure", "Infrastructure\Infrastructure.csproj", "{F864B47B-7604-4471-BD40-A9441223EBD1}"
EndProject
Project("{FAE04EC0-301F-11D3-BF4B-00C04F79EFBC}") = "Application", "Application\Application.csproj", "{5CAB3241-FC8C-4344-971A-2E995B147122}"
EndProject
Project("{FAE04EC0-301F-11D3-BF4B-00C04F79EFBC}") = "Sarif", "Parsers\Sarif\SarifParser\Sarif.csproj", "{3FF9FE72-FD79-4C58-A688-2B4857C9D874}"
EndProject
Project("{FAE04EC0-301F-11D3-BF4B-00C04F79EFBC}") = "ToolTester.Presentation", "ToolTester.Presentation\ToolTester.Presentation.csproj", "{CC46E452-A8CE-4AA6-8FC8-ACE7E950AE15}"
EndProject
Global
	GlobalSection(SolutionConfigurationPlatforms) = preSolution
		Debug|Any CPU = Debug|Any CPU
		Debug|ARM64 = Debug|ARM64
		Debug|x64 = Debug|x64
		Debug|x86 = Debug|x86
		Release|Any CPU = Release|Any CPU
		Release|ARM64 = Release|ARM64
		Release|x64 = Release|x64
		Release|x86 = Release|x86
	EndGlobalSection
	GlobalSection(ProjectConfigurationPlatforms) = postSolution
		{71A7F15B-53F4-4957-BD3B-E0A6F8A179B3}.Debug|Any CPU.ActiveCfg = Debug|Any CPU
		{71A7F15B-53F4-4957-BD3B-E0A6F8A179B3}.Debug|Any CPU.Build.0 = Debug|Any CPU
		{71A7F15B-53F4-4957-BD3B-E0A6F8A179B3}.Debug|ARM64.ActiveCfg = Debug|Any CPU
		{71A7F15B-53F4-4957-BD3B-E0A6F8A179B3}.Debug|ARM64.Build.0 = Debug|Any CPU
		{71A7F15B-53F4-4957-BD3B-E0A6F8A179B3}.Debug|x64.ActiveCfg = Debug|Any CPU
		{71A7F15B-53F4-4957-BD3B-E0A6F8A179B3}.Debug|x64.Build.0 = Debug|Any CPU
		{71A7F15B-53F4-4957-BD3B-E0A6F8A179B3}.Debug|x86.ActiveCfg = Debug|Any CPU
		{71A7F15B-53F4-4957-BD3B-E0A6F8A179B3}.Debug|x86.Build.0 = Debug|Any CPU
		{71A7F15B-53F4-4957-BD3B-E0A6F8A179B3}.Release|Any CPU.ActiveCfg = Release|Any CPU
		{71A7F15B-53F4-4957-BD3B-E0A6F8A179B3}.Release|Any CPU.Build.0 = Release|Any CPU
		{71A7F15B-53F4-4957-BD3B-E0A6F8A179B3}.Release|ARM64.ActiveCfg = Release|Any CPU
		{71A7F15B-53F4-4957-BD3B-E0A6F8A179B3}.Release|ARM64.Build.0 = Release|Any CPU
		{71A7F15B-53F4-4957-BD3B-E0A6F8A179B3}.Release|x64.ActiveCfg = Release|Any CPU
		{71A7F15B-53F4-4957-BD3B-E0A6F8A179B3}.Release|x64.Build.0 = Release|Any CPU
		{71A7F15B-53F4-4957-BD3B-E0A6F8A179B3}.Release|x86.ActiveCfg = Release|Any CPU
		{71A7F15B-53F4-4957-BD3B-E0A6F8A179B3}.Release|x86.Build.0 = Release|Any CPU
		{3E2A50A9-7D27-4410-959B-26A227B47D0A}.Debug|Any CPU.ActiveCfg = Debug|Any CPU
		{3E2A50A9-7D27-4410-959B-26A227B47D0A}.Debug|Any CPU.Build.0 = Debug|Any CPU
		{3E2A50A9-7D27-4410-959B-26A227B47D0A}.Debug|ARM64.ActiveCfg = Debug|Any CPU
		{3E2A50A9-7D27-4410-959B-26A227B47D0A}.Debug|ARM64.Build.0 = Debug|Any CPU
		{3E2A50A9-7D27-4410-959B-26A227B47D0A}.Debug|x64.ActiveCfg = Debug|Any CPU
		{3E2A50A9-7D27-4410-959B-26A227B47D0A}.Debug|x64.Build.0 = Debug|Any CPU
		{3E2A50A9-7D27-4410-959B-26A227B47D0A}.Debug|x86.ActiveCfg = Debug|Any CPU
		{3E2A50A9-7D27-4410-959B-26A227B47D0A}.Debug|x86.Build.0 = Debug|Any CPU
		{3E2A50A9-7D27-4410-959B-26A227B47D0A}.Release|Any CPU.ActiveCfg = Release|Any CPU
		{3E2A50A9-7D27-4410-959B-26A227B47D0A}.Release|Any CPU.Build.0 = Release|Any CPU
		{3E2A50A9-7D27-4410-959B-26A227B47D0A}.Release|ARM64.ActiveCfg = Release|Any CPU
		{3E2A50A9-7D27-4410-959B-26A227B47D0A}.Release|ARM64.Build.0 = Release|Any CPU
		{3E2A50A9-7D27-4410-959B-26A227B47D0A}.Release|x64.ActiveCfg = Release|Any CPU
		{3E2A50A9-7D27-4410-959B-26A227B47D0A}.Release|x64.Build.0 = Release|Any CPU
		{3E2A50A9-7D27-4410-959B-26A227B47D0A}.Release|x86.ActiveCfg = Release|Any CPU
		{3E2A50A9-7D27-4410-959B-26A227B47D0A}.Release|x86.Build.0 = Release|Any CPU
		{F864B47B-7604-4471-BD40-A9441223EBD1}.Debug|Any CPU.ActiveCfg = Debug|Any CPU
		{F864B47B-7604-4471-BD40-A9441223EBD1}.Debug|Any CPU.Build.0 = Debug|Any CPU
		{F864B47B-7604-4471-BD40-A9441223EBD1}.Debug|ARM64.ActiveCfg = Debug|Any CPU
		{F864B47B-7604-4471-BD40-A9441223EBD1}.Debug|ARM64.Build.0 = Debug|Any CPU
		{F864B47B-7604-4471-BD40-A9441223EBD1}.Debug|x64.ActiveCfg = Debug|Any CPU
		{F864B47B-7604-4471-BD40-A9441223EBD1}.Debug|x64.Build.0 = Debug|Any CPU
		{F864B47B-7604-4471-BD40-A9441223EBD1}.Debug|x86.ActiveCfg = Debug|Any CPU
		{F864B47B-7604-4471-BD40-A9441223EBD1}.Debug|x86.Build.0 = Debug|Any CPU
		{F864B47B-7604-4471-BD40-A9441223EBD1}.Release|Any CPU.ActiveCfg = Release|Any CPU
		{F864B47B-7604-4471-BD40-A9441223EBD1}.Release|Any CPU.Build.0 = Release|Any CPU
		{F864B47B-7604-4471-BD40-A9441223EBD1}.Release|ARM64.ActiveCfg = Release|Any CPU
		{F864B47B-7604-4471-BD40-A9441223EBD1}.Release|ARM64.Build.0 = Release|Any CPU
		{F864B47B-7604-4471-BD40-A9441223EBD1}.Release|x64.ActiveCfg = Release|Any CPU
		{F864B47B-7604-4471-BD40-A9441223EBD1}.Release|x64.Build.0 = Release|Any CPU
		{F864B47B-7604-4471-BD40-A9441223EBD1}.Release|x86.ActiveCfg = Release|Any CPU
		{F864B47B-7604-4471-BD40-A9441223EBD1}.Release|x86.Build.0 = Release|Any CPU
		{5CAB3241-FC8C-4344-971A-2E995B147122}.Debug|Any CPU.ActiveCfg = Debug|Any CPU
		{5CAB3241-FC8C-4344-971A-2E995B147122}.Debug|Any CPU.Build.0 = Debug|Any CPU
		{5CAB3241-FC8C-4344-971A-2E995B147122}.Debug|ARM64.ActiveCfg = Debug|Any CPU
		{5CAB3241-FC8C-4344-971A-2E995B147122}.Debug|ARM64.Build.0 = Debug|Any CPU
		{5CAB3241-FC8C-4344-971A-2E995B147122}.Debug|x64.ActiveCfg = Debug|Any CPU
		{5CAB3241-FC8C-4344-971A-2E995B147122}.Debug|x64.Build.0 = Debug|Any CPU
		{5CAB3241-FC8C-4344-971A-2E995B147122}.Debug|x86.ActiveCfg = Debug|Any CPU
		{5CAB3241-FC8C-4344-971A-2E995B147122}.Debug|x86.Build.0 = Debug|Any CPU
		{5CAB3241-FC8C-4344-971A-2E995B147122}.Release|Any CPU.ActiveCfg = Release|Any CPU
		{5CAB3241-FC8C-4344-971A-2E995B147122}.Release|Any CPU.Build.0 = Release|Any CPU
		{5CAB3241-FC8C-4344-971A-2E995B147122}.Release|ARM64.ActiveCfg = Release|Any CPU
		{5CAB3241-FC8C-4344-971A-2E995B147122}.Release|ARM64.Build.0 = Release|Any CPU
		{5CAB3241-FC8C-4344-971A-2E995B147122}.Release|x64.ActiveCfg = Release|Any CPU
		{5CAB3241-FC8C-4344-971A-2E995B147122}.Release|x64.Build.0 = Release|Any CPU
		{5CAB3241-FC8C-4344-971A-2E995B147122}.Release|x86.ActiveCfg = Release|Any CPU
		{5CAB3241-FC8C-4344-971A-2E995B147122}.Release|x86.Build.0 = Release|Any CPU
		{3FF9FE72-FD79-4C58-A688-2B4857C9D874}.Debug|Any CPU.ActiveCfg = Debug|Any CPU
		{3FF9FE72-FD79-4C58-A688-2B4857C9D874}.Debug|Any CPU.Build.0 = Debug|Any CPU
		{3FF9FE72-FD79-4C58-A688-2B4857C9D874}.Debug|ARM64.ActiveCfg = Debug|Any CPU
		{3FF9FE72-FD79-4C58-A688-2B4857C9D874}.Debug|ARM64.Build.0 = Debug|Any CPU
		{3FF9FE72-FD79-4C58-A688-2B4857C9D874}.Debug|x64.ActiveCfg = Debug|Any CPU
		{3FF9FE72-FD79-4C58-A688-2B4857C9D874}.Debug|x64.Build.0 = Debug|Any CPU
		{3FF9FE72-FD79-4C58-A688-2B4857C9D874}.Debug|x86.ActiveCfg = Debug|Any CPU
		{3FF9FE72-FD79-4C58-A688-2B4857C9D874}.Debug|x86.Build.0 = Debug|Any CPU
		{3FF9FE72-FD79-4C58-A688-2B4857C9D874}.Release|Any CPU.ActiveCfg = Release|Any CPU
		{3FF9FE72-FD79-4C58-A688-2B4857C9D874}.Release|Any CPU.Build.0 = Release|Any CPU
		{3FF9FE72-FD79-4C58-A688-2B4857C9D874}.Release|ARM64.ActiveCfg = Release|Any CPU
		{3FF9FE72-FD79-4C58-A688-2B4857C9D874}.Release|ARM64.Build.0 = Release|Any CPU
		{3FF9FE72-FD79-4C58-A688-2B4857C9D874}.Release|x64.ActiveCfg = Release|Any CPU
		{3FF9FE72-FD79-4C58-A688-2B4857C9D874}.Release|x64.Build.0 = Release|Any CPU
		{3FF9FE72-FD79-4C58-A688-2B4857C9D874}.Release|x86.ActiveCfg = Release|Any CPU
		{3FF9FE72-FD79-4C58-A688-2B4857C9D874}.Release|x86.Build.0 = Release|Any CPU
		{CC46E452-A8CE-4AA6-8FC8-ACE7E950AE15}.Debug|Any CPU.ActiveCfg = Debug|Any CPU
		{CC46E452-A8CE-4AA6-8FC8-ACE7E950AE15}.Debug|Any CPU.Build.0 = Debug|Any CPU
		{CC46E452-A8CE-4AA6-8FC8-ACE7E950AE15}.Debug|ARM64.ActiveCfg = Debug|Any CPU
		{CC46E452-A8CE-4AA6-8FC8-ACE7E950AE15}.Debug|ARM64.Build.0 = Debug|Any CPU
		{CC46E452-A8CE-4AA6-8FC8-ACE7E950AE15}.Debug|x64.ActiveCfg = Debug|Any CPU
		{CC46E452-A8CE-4AA6-8FC8-ACE7E950AE15}.Debug|x64.Build.0 = Debug|Any CPU
		{CC46E452-A8CE-4AA6-8FC8-ACE7E950AE15}.Debug|x86.ActiveCfg = Debug|Any CPU
		{CC46E452-A8CE-4AA6-8FC8-ACE7E950AE15}.Debug|x86.Build.0 = Debug|Any CPU
		{CC46E452-A8CE-4AA6-8FC8-ACE7E950AE15}.Release|Any CPU.ActiveCfg = Release|Any CPU
		{CC46E452-A8CE-4AA6-8FC8-ACE7E950AE15}.Release|Any CPU.Build.0 = Release|Any CPU
		{CC46E452-A8CE-4AA6-8FC8-ACE7E950AE15}.Release|ARM64.ActiveCfg = Release|Any CPU
		{CC46E452-A8CE-4AA6-8FC8-ACE7E950AE15}.Release|ARM64.Build.0 = Release|Any CPU
		{CC46E452-A8CE-4AA6-8FC8-ACE7E950AE15}.Release|x64.ActiveCfg = Release|Any CPU
		{CC46E452-A8CE-4AA6-8FC8-ACE7E950AE15}.Release|x64.Build.0 = Release|Any CPU
		{CC46E452-A8CE-4AA6-8FC8-ACE7E950AE15}.Release|x86.ActiveCfg = Release|Any CPU
		{CC46E452-A8CE-4AA6-8FC8-ACE7E950AE15}.Release|x86.Build.0 = Release|Any CPU
	EndGlobalSection
	GlobalSection(SolutionProperties) = preSolution
		HideSolutionNode = FALSE
	EndGlobalSection
	GlobalSection(ExtensibilityGlobals) = postSolution
		SolutionGuid = {23E9D464-59F0-4407-B467-58BCA1172D14}
	EndGlobalSection
EndGlobal
